
Microsoft Visual Studio Solution File, Format Version 12.00
# Visual Studio Version 16
VisualStudioVersion = 16.0.31112.23
MinimumVisualStudioVersion = 10.0.40219.1
Project("{FAE04EC0-301F-11D3-BF4B-00C04F79EFBC}") = "StudentRegistrationSystem", "StudentRegistrationSystem\StudentRegistrationSystem.csproj", "{11A61164-B8EB-4312-B957-F964B9A0C15F}"
EndProject
Global
	GlobalSection(SolutionConfigurationPlatforms) = preSolution
		Debug|Any CPU = Debug|Any CPU
		Release|Any CPU = Release|Any CPU
	EndGlobalSection
	GlobalSection(ProjectConfigurationPlatforms) = postSolution
		{11A61164-B8EB-4312-B957-F964B9A0C15F}.Debug|Any CPU.ActiveCfg = Debug|Any CPU
		{11A61164-B8EB-4312-B957-F964B9A0C15F}.Debug|Any CPU.Build.0 = Debug|Any CPU
		{11A61164-B8EB-4312-B957-F964B9A0C15F}.Release|Any CPU.ActiveCfg = Release|Any CPU
		{11A61164-B8EB-4312-B957-F964B9A0C15F}.Release|Any CPU.Build.0 = Release|Any CPU
	EndGlobalSection
	GlobalSection(SolutionProperties) = preSolution
		HideSolutionNode = FALSE
	EndGlobalSection
	GlobalSection(ExtensibilityGlobals) = postSolution
		SolutionGuid = {8EE7503C-ACCE-4C5C-B676-B7E2EDCCEC94}
	EndGlobalSection
EndGlobal
